
Microsoft Visual Studio Solution File, Format Version 12.00
# Visual Studio Version 17
VisualStudioVersion = 17.14.36414.22
MinimumVisualStudioVersion = 10.0.40219.1
Project("{FAE04EC0-301F-11D3-BF4B-00C04F79EFBC}") = "HTML", "HTML\HTML.csproj", "{172598D7-79B3-4F86-B510-3675AEF09533}"
EndProject
Project("{FAE04EC0-301F-11D3-BF4B-00C04F79EFBC}") = "CSSText", "CSSText\CSSText.csproj", "{D6FD82BB-7D36-4C62-BBEA-F603016E6B9C}"
EndProject
Project("{FAE04EC0-301F-11D3-BF4B-00C04F79EFBC}") = "CSSTable", "CSSTable\CSSTable.csproj", "{BC7B4DDA-49B7-4C9F-90C7-BBDCB746C529}"
EndProject
Global
	GlobalSection(SolutionConfigurationPlatforms) = preSolution
		Debug|Any CPU = Debug|Any CPU
		Release|Any CPU = Release|Any CPU
	EndGlobalSection
	GlobalSection(ProjectConfigurationPlatforms) = postSolution
		{172598D7-79B3-4F86-B510-3675AEF09533}.Debug|Any CPU.ActiveCfg = Debug|Any CPU
		{172598D7-79B3-4F86-B510-3675AEF09533}.Debug|Any CPU.Build.0 = Debug|Any CPU
		{172598D7-79B3-4F86-B510-3675AEF09533}.Release|Any CPU.ActiveCfg = Release|Any CPU
		{172598D7-79B3-4F86-B510-3675AEF09533}.Release|Any CPU.Build.0 = Release|Any CPU
		{D6FD82BB-7D36-4C62-BBEA-F603016E6B9C}.Debug|Any CPU.ActiveCfg = Debug|Any CPU
		{D6FD82BB-7D36-4C62-BBEA-F603016E6B9C}.Debug|Any CPU.Build.0 = Debug|Any CPU
		{D6FD82BB-7D36-4C62-BBEA-F603016E6B9C}.Release|Any CPU.ActiveCfg = Release|Any CPU
		{D6FD82BB-7D36-4C62-BBEA-F603016E6B9C}.Release|Any CPU.Build.0 = Release|Any CPU
		{BC7B4DDA-49B7-4C9F-90C7-BBDCB746C529}.Debug|Any CPU.ActiveCfg = Debug|Any CPU
		{BC7B4DDA-49B7-4C9F-90C7-BBDCB746C529}.Debug|Any CPU.Build.0 = Debug|Any CPU
		{BC7B4DDA-49B7-4C9F-90C7-BBDCB746C529}.Release|Any CPU.ActiveCfg = Release|Any CPU
		{BC7B4DDA-49B7-4C9F-90C7-BBDCB746C529}.Release|Any CPU.Build.0 = Release|Any CPU
	EndGlobalSection
	GlobalSection(SolutionProperties) = preSolution
		HideSolutionNode = FALSE
	EndGlobalSection
	GlobalSection(ExtensibilityGlobals) = postSolution
		SolutionGuid = {27628B8C-BE86-4B03-B8D2-AC22D77C3380}
	EndGlobalSection
EndGlobal
